
Microsoft Visual Studio Solution File, Format Version 12.00
# Visual Studio Version 16
VisualStudioVersion = 16.0.30523.141
MinimumVisualStudioVersion = 10.0.40219.1
Project("{FAE04EC0-301F-11D3-BF4B-00C04F79EFBC}") = "AdminstratorConsole", "AdminstratorConsole\AdminstratorConsole.csproj", "{53265792-86F7-41DD-B6F0-1A2587D22057}"
EndProject
Project("{9A19103F-16F7-4668-BE54-9A1E7A4F7556}") = "WebApi", "WebApi\WebApi.csproj", "{17F30864-11EF-4A7D-B921-3F912D0B2CD5}"
EndProject
Global
	GlobalSection(SolutionConfigurationPlatforms) = preSolution
		Debug|Any CPU = Debug|Any CPU
		Release|Any CPU = Release|Any CPU
	EndGlobalSection
	GlobalSection(ProjectConfigurationPlatforms) = postSolution
		{53265792-86F7-41DD-B6F0-1A2587D22057}.Debug|Any CPU.ActiveCfg = Debug|Any CPU
		{53265792-86F7-41DD-B6F0-1A2587D22057}.Debug|Any CPU.Build.0 = Debug|Any CPU
		{53265792-86F7-41DD-B6F0-1A2587D22057}.Release|Any CPU.ActiveCfg = Release|Any CPU
		{53265792-86F7-41DD-B6F0-1A2587D22057}.Release|Any CPU.Build.0 = Release|Any CPU
		{17F30864-11EF-4A7D-B921-3F912D0B2CD5}.Debug|Any CPU.ActiveCfg = Debug|Any CPU
		{17F30864-11EF-4A7D-B921-3F912D0B2CD5}.Debug|Any CPU.Build.0 = Debug|Any CPU
		{17F30864-11EF-4A7D-B921-3F912D0B2CD5}.Release|Any CPU.ActiveCfg = Release|Any CPU
		{17F30864-11EF-4A7D-B921-3F912D0B2CD5}.Release|Any CPU.Build.0 = Release|Any CPU
	EndGlobalSection
	GlobalSection(SolutionProperties) = preSolution
		HideSolutionNode = FALSE
	EndGlobalSection
	GlobalSection(ExtensibilityGlobals) = postSolution
		SolutionGuid = {91549F07-5B0E-4B27-BDB1-1EE41612CC49}
	EndGlobalSection
EndGlobal
